
Microsoft Visual Studio Solution File, Format Version 12.00
# Visual Studio Version 17
VisualStudioVersion = 17.4.33122.133
MinimumVisualStudioVersion = 10.0.40219.1
Project("{FAE04EC0-301F-11D3-BF4B-00C04F79EFBC}") = "Portugal 2023.Android", "Portugal 2023.Android\Portugal 2023.Android.csproj", "{DCF1D27F-BBD8-432A-AA52-BF99B0926701}"
EndProject
Project("{FAE04EC0-301F-11D3-BF4B-00C04F79EFBC}") = "Portugal 2023", "Portugal 2023\Portugal 2023.csproj", "{58630B5B-80A4-4F7D-99D9-EEFD4592C190}"
EndProject
Global
	GlobalSection(SolutionConfigurationPlatforms) = preSolution
		Debug|Any CPU = Debug|Any CPU
		Release|Any CPU = Release|Any CPU
	EndGlobalSection
	GlobalSection(ProjectConfigurationPlatforms) = postSolution
		{DCF1D27F-BBD8-432A-AA52-BF99B0926701}.Debug|Any CPU.ActiveCfg = Debug|Any CPU
		{DCF1D27F-BBD8-432A-AA52-BF99B0926701}.Debug|Any CPU.Build.0 = Debug|Any CPU
		{DCF1D27F-BBD8-432A-AA52-BF99B0926701}.Debug|Any CPU.Deploy.0 = Debug|Any CPU
		{DCF1D27F-BBD8-432A-AA52-BF99B0926701}.Release|Any CPU.ActiveCfg = Release|Any CPU
		{DCF1D27F-BBD8-432A-AA52-BF99B0926701}.Release|Any CPU.Build.0 = Release|Any CPU
		{DCF1D27F-BBD8-432A-AA52-BF99B0926701}.Release|Any CPU.Deploy.0 = Release|Any CPU
		{58630B5B-80A4-4F7D-99D9-EEFD4592C190}.Debug|Any CPU.ActiveCfg = Debug|Any CPU
		{58630B5B-80A4-4F7D-99D9-EEFD4592C190}.Debug|Any CPU.Build.0 = Debug|Any CPU
		{58630B5B-80A4-4F7D-99D9-EEFD4592C190}.Debug|Any CPU.Deploy.0 = Debug|Any CPU
		{58630B5B-80A4-4F7D-99D9-EEFD4592C190}.Release|Any CPU.ActiveCfg = Release|Any CPU
		{58630B5B-80A4-4F7D-99D9-EEFD4592C190}.Release|Any CPU.Build.0 = Release|Any CPU
		{58630B5B-80A4-4F7D-99D9-EEFD4592C190}.Release|Any CPU.Deploy.0 = Release|Any CPU
	EndGlobalSection
	GlobalSection(SolutionProperties) = preSolution
		HideSolutionNode = FALSE
	EndGlobalSection
	GlobalSection(ExtensibilityGlobals) = postSolution
		SolutionGuid = {C619721A-A8CB-4EC9-A8DA-6010E99E3239}
	EndGlobalSection
EndGlobal
